# This file is automatically @generated by Poetry 2.2.1 and should not be changed by hand.

[[package]]
name = "atheris"
version = "3.0.0"
description = "A coverage-guided fuzzer for Python and Python extensions."
optional = false
python-versions = "*"
groups = ["fuzz"]
files = [
    {file = "atheris-3.0.0-cp311-cp311-manylinux2014_x86_64.manylinux_2_17_x86_64.whl", hash = "sha256:8a5c8a781467c187da40fd29139784193e2647058831f837f675d0bb8cbd8746"},
    {file = "atheris-3.0.0-cp312-cp312-manylinux2014_x86_64.manylinux_2_17_x86_64.whl", hash = "sha256:510e502c57b6dc615fb174066407af620d4c7f73cf08a782c86e7761bf12c4eb"},
    {file = "atheris-3.0.0-cp313-cp313-manylinux2014_x86_64.manylinux_2_17_x86_64.whl", hash = "sha256:a402cdca8a650d1371050b1f9552eb4cdc488d2db64950d603c4560318365eac"},
    {file = "atheris-3.0.0.tar.gz", hash = "sha256:1f0929c7bc3040f3fe4102e557718734190cf2d7718bbb8e3ce6d3eb56ef5bb3"},
]

[[package]]
name = "cachetools"
version = "6.2.4"
description = "Extensible memoizing collections and decorators"
optional = false
python-versions = ">=3.9"
groups = ["testing"]
files = [
    {file = "cachetools-6.2.4-py3-none-any.whl", hash = "sha256:69a7a52634fed8b8bf6e24a050fb60bff1c9bd8f6d24572b99c32d4e71e62a51"},
    {file = "cachetools-6.2.4.tar.gz", hash = "sha256:82c5c05585e70b6ba2d3ae09ea60b79548872185d2f24ae1f2709d37299fd607"},
]

[[package]]
name = "chardet"
version = "5.2.0"
description = "Universal encoding detector for Python 3"
optional = false
python-versions = ">=3.7"
groups = ["testing"]
files = [
    {file = "chardet-5.2.0-py3-none-any.whl", hash = "sha256:e1cf59446890a00105fe7b7912492ea04b6e6f06d4b742b2c788469e34c82970"},
    {file = "chardet-5.2.0.tar.gz", hash = "sha256:1b3b6ff479a8c414bc3fa2c0852995695c4a026dcd6d0633b2dd092ca39c1cf7"},
]

[[package]]
name = "colorama"
version = "0.4.6"
description = "Cross-platform colored terminal text."
optional = false
python-versions = "!=3.0.*,!=3.1.*,!=3.2.*,!=3.3.*,!=3.4.*,!=3.5.*,!=3.6.*,>=2.7"
groups = ["testing"]
files = [
    {file = "colorama-0.4.6-py2.py3-none-any.whl", hash = "sha256:4f1d9991f5acc0ca119f9d443620b77f9d6b33703e51011c16baf57afb285fc6"},
    {file = "colorama-0.4.6.tar.gz", hash = "sha256:08695f5cb7ed6e0531a20572697297273c47b8cae5a63ffc6d6ed5c201be6e44"},
]

[[package]]
name = "distlib"
version = "0.4.0"
description = "Distribution utilities"
optional = false
python-versions = "*"
groups = ["testing"]
files = [
    {file = "distlib-0.4.0-py2.py3-none-any.whl", hash = "sha256:9659f7d87e46584a30b5780e43ac7a2143098441670ff0a49d5f9034c54a6c16"},
    {file = "distlib-0.4.0.tar.gz", hash = "sha256:feec40075be03a04501a973d81f633735b4b69f98b05450592310c0f401a4e0d"},
]

[[package]]
name = "filelock"
version = "3.20.3"
description = "A platform independent file lock."
optional = false
python-versions = ">=3.10"
groups = ["testing"]
files = [
    {file = "filelock-3.20.3-py3-none-any.whl", hash = "sha256:4b0dda527ee31078689fc205ec4f1c1bf7d56cf88b6dc9426c4f230e46c2dce1"},
    {file = "filelock-3.20.3.tar.gz", hash = "sha256:18c57ee915c7ec61cff0ecf7f0f869936c7c30191bb0cf406f1341778d0834e1"},
]

[[package]]
name = "packaging"
version = "25.0"
description = "Core utilities for Python packages"
optional = false
python-versions = ">=3.8"
groups = ["testing"]
files = [
    {file = "packaging-25.0-py3-none-any.whl", hash = "sha256:29572ef2b1f17581046b3a2227d5c611fb25ec70ca1ba8554b24b0e69331a484"},
    {file = "packaging-25.0.tar.gz", hash = "sha256:d443872c98d677bf60f6a1f2f8c1cb748e8fe762d2bf9d3148b5599295b0fc4f"},
]

[[package]]
name = "platformdirs"
version = "4.5.1"
description = "A small Python package for determining appropriate platform-specific dirs, e.g. a `user data dir`."
optional = false
python-versions = ">=3.10"
groups = ["testing"]
files = [
    {file = "platformdirs-4.5.1-py3-none-any.whl", hash = "sha256:d03afa3963c806a9bed9d5125c8f4cb2fdaf74a55ab60e5d59b3fde758104d31"},
    {file = "platformdirs-4.5.1.tar.gz", hash = "sha256:61d5cdcc6065745cdd94f0f878977f8de9437be93de97c1c12f853c9c0cdcbda"},
]

[package.extras]
docs = ["furo (>=2025.9.25)", "proselint (>=0.14)", "sphinx (>=8.2.3)", "sphinx-autodoc-typehints (>=3.2)"]
test = ["appdirs (==1.4.4)", "covdefaults (>=2.3)", "pytest (>=8.4.2)", "pytest-cov (>=7)", "pytest-mock (>=3.15.1)"]
type = ["mypy (>=1.18.2)"]

[[package]]
name = "pluggy"
version = "1.6.0"
description = "plugin and hook calling mechanisms for python"
optional = false
python-versions = ">=3.9"
groups = ["testing"]
files = [
    {file = "pluggy-1.6.0-py3-none-any.whl", hash = "sha256:e920276dd6813095e9377c0bc5566d94c932c33b27a3e3945d8389c374dd4746"},
    {file = "pluggy-1.6.0.tar.gz", hash = "sha256:7dcc130b76258d33b90f61b658791dede3486c3e6bfb003ee5c9bfb396dd22f3"},
]

[package.extras]
dev = ["pre-commit", "tox"]
testing = ["coverage", "pytest", "pytest-benchmark"]

[[package]]
name = "pyproject-api"
version = "1.10.0"
description = "API to interact with the python pyproject.toml based projects"
optional = false
python-versions = ">=3.10"
groups = ["testing"]
files = [
    {file = "pyproject_api-1.10.0-py3-none-any.whl", hash = "sha256:8757c41a79c0f4ab71b99abed52b97ecf66bd20b04fa59da43b5840bac105a09"},
    {file = "pyproject_api-1.10.0.tar.gz", hash = "sha256:40c6f2d82eebdc4afee61c773ed208c04c19db4c4a60d97f8d7be3ebc0bbb330"},
]

[package.dependencies]
packaging = ">=25"
tomli = {version = ">=2.3", markers = "python_version < \"3.11\""}

[package.extras]
docs = ["furo (>=2025.9.25)", "sphinx-autodoc-typehints (>=3.5.1)"]
testing = ["covdefaults (>=2.3)", "pytest (>=8.4.2)", "pytest-cov (>=7)", "pytest-mock (>=3.15.1)", "setuptools (>=80.9)"]

[[package]]
name = "pyre2-updated"
version = "0.3.9.post1"
description = "Python wrapper for Google's RE2 using Cython"
optional = true
python-versions = ">=3.9"
groups = ["main"]
markers = "extra == \"re2\" or extra == \"re2-wheels\""
files = [
    {file = "pyre2_updated-0.3.9.post1-cp310-cp310-macosx_13_0_x86_64.whl", hash = "sha256:c556203b01832e94964be389ec263bfce9f66c6d5497f0dbcd419aa59983efe7"},
    {file = "pyre2_updated-0.3.9.post1-cp310-cp310-macosx_14_0_arm64.whl", hash = "sha256:6d52edfe132f09ed0e9f769c339fbfb23e7a4de24586a981c939f3dcca443d82"},
    {file = "pyre2_updated-0.3.9.post1-cp310-cp310-manylinux_2_17_aarch64.manylinux2014_aarch64.whl", hash = "sha256:48fec5d1907aeb45b3f9ae57af1ec70bdcb5c5f92317b9deccb027408ccd8be3"},
    {file = "pyre2_updated-0.3.9.post1-cp310-cp310-manylinux_2_17_x86_64.manylinux2014_x86_64.whl", hash = "sha256:8fa6997e3862ce278ee464c1f3aec63f28f90d02aef0a324e8d5e2116b1390ab"},
    {file = "pyre2_updated-0.3.9.post1-cp310-cp310-win32.whl", hash = "sha256:4e3a5b6f2796458197dd04e521127d5e756c9cbb8e647645be882a3e62a7aada"},
    {file = "pyre2_updated-0.3.9.post1-cp310-cp310-win_amd64.whl", hash = "sha256:c708a894b0ee368e38b50230e9571791bc214a21d58c6098f35b83fbfaf12d5d"},
    {file = "pyre2_updated-0.3.9.post1-cp311-cp311-macosx_13_0_x86_64.whl", hash = "sha256:e5530561f228a86d9b428ab3f29e60f23fe6c36d3ace3063b4dedf02fc2d0e58"},
    {file = "pyre2_updated-0.3.9.post1-cp311-cp311-macosx_14_0_arm64.whl", hash = "sha256:7963790361a5d93640b90413dd3ca23896640b4ff62c7037706a377b7c0f762a"},
    {file = "pyre2_updated-0.3.9.post1-cp311-cp311-manylinux_2_17_aarch64.manylinux2014_aarch64.whl", hash = "sha256:99f674defce4fb98a8ffc4663d283fc8319b0b586a572ae86f1d4c876fc7d6e3"},
    {file = "pyre2_updated-0.3.9.post1-cp311-cp311-manylinux_2_17_x86_64.manylinux2014_x86_64.whl", hash = "sha256:0228a7789bc77d20ce1e285f0e9283cf8fa63c0d3b8e46a4444a05d35626311b"},
    {file = "pyre2_updated-0.3.9.post1-cp311-cp311-win32.whl", hash = "sha256:f21f77313d1c320d28830258b94655264be6bea5db0e2c0cf8769eb95240caff"},
    {file = "pyre2_updated-0.3.9.post1-cp311-cp311-win_amd64.whl", hash = "sha256:5d3e3f0f112176d2e67c5a2d516e8d27a75d76abce9bb83cb597b54b5b7f5c7a"},
    {file = "pyre2_updated-0.3.9.post1-cp312-cp312-macosx_13_0_x86_64.whl", hash = "sha256:240edc72302ad61a8b1ecd384284e14f8fa45004b207059948c95ce00b52c955"},
    {file = "pyre2_updated-0.3.9.post1-cp312-cp312-macosx_14_0_arm64.whl", hash = "sha256:5ca7c7a2436c2266d831fd94b70a54db0b0ab8f41b0a241afe771f3f97c3e132"},
    {file = "pyre2_updated-0.3.9.post1-cp312-cp312-manylinux_2_17_aarch64.manylinux2014_aarch64.whl", hash = "sha256:ca9b6c471dd332107919b9319ad1a6bb3f2a08f1cad6755913b3174c99d19059"},
    {file = "pyre2_updated-0.3.9.post1-cp312-cp312-manylinux_2_17_x86_64.manylinux2014_x86_64.whl", hash = "sha256:0d6057d6029d8584f3599f1e218fd099e331a033da5c2bed9e0f22a371c2647a"},
    {file = "pyre2_updated-0.3.9.post1-cp312-cp312-win32.whl", hash = "sha256:dccc789cfbf6c84d7cd01d552039213cad88799f5797a0691f4fd3b9cb63ecb5"},
    {file = "pyre2_updated-0.3.9.post1-cp312-cp312-win_amd64.whl", hash = "sha256:f42e12e228c17142db79c93cc9db46dc0489ac088a4465fcabed6663a3bff27d"},
    {file = "pyre2_updated-0.3.9.post1-cp313-cp313-macosx_13_0_x86_64.whl", hash = "sha256:cd1032b5cc3b48922fa3756160f6b0e969b6da85a5982f02faabf8578a20843c"},
    {file = "pyre2_updated-0.3.9.post1-cp313-cp313-macosx_14_0_arm64.whl", hash = "sha256:c43b5bf8e41c9b858205fa03f013bac91956ad4ba4df4ad8fa083fab099d0f54"},
    {file = "pyre2_updated-0.3.9.post1-cp313-cp313-manylinux_2_17_aarch64.manylinux2014_aarch64.whl", hash = "sha256:dfee37b107893171c8faa9998ccc802f4585e771c981a28a0d9aaeffe7796301"},
    {file = "pyre2_updated-0.3.9.post1-cp313-cp313-manylinux_2_17_x86_64.manylinux2014_x86_64.whl", hash = "sha256:a419e12e5ea022fdf7544f7c521352b51087c7d055ba1038ec8ac601f6348227"},
    {file = "pyre2_updated-0.3.9.post1-cp313-cp313-win32.whl", hash = "sha256:5532899cb52b2fb453f5cfcda3e4aa0832a7a40c9d075ff52e4b84ffc393d96f"},
    {file = "pyre2_updated-0.3.9.post1-cp313-cp313-win_amd64.whl", hash = "sha256:d1eb084e27273650d870c17c457a38927ea5106ea8cd01a74c8230e4e73eb3ec"},
    {file = "pyre2_updated-0.3.9.post1-cp39-cp39-macosx_13_0_x86_64.whl", hash = "sha256:0a358797af769450d061784f128b4f68e29e106ffade572808b07cb96e351598"},
    {file = "pyre2_updated-0.3.9.post1-cp39-cp39-macosx_14_0_arm64.whl", hash = "sha256:3e6cf1765b98fd61bac00ee1c49a9f3b5629efc6ab4d7c792be854227ce26969"},
    {file = "pyre2_updated-0.3.9.post1-cp39-cp39-manylinux_2_17_aarch64.manylinux2014_aarch64.whl", hash = "sha256:c00f5a1bcd5e41879432178b95452777a25c5f0a9fb460aa158477a747d4952b"},
    {file = "pyre2_updated-0.3.9.post1-cp39-cp39-manylinux_2_17_x86_64.manylinux2014_x86_64.whl", hash = "sha256:9ba9a5385bfc8006e9b76372cbf66d16af97a8295c663e64ea84de5c179b795e"},
    {file = "pyre2_updated-0.3.9.post1-cp39-cp39-win32.whl", hash = "sha256:a3251a9b8b33f87dc1c191d23877cb1221c043590262a193c62fb939ac78d9f5"},
    {file = "pyre2_updated-0.3.9.post1-cp39-cp39-win_amd64.whl", hash = "sha256:de16b1fce51ded3d11a1058730520d22eedc4cf0cd0e0b369916bfa97622b6ae"},
    {file = "pyre2_updated-0.3.9.post1.tar.gz", hash = "sha256:02fb67dbaeb3274b123b58e2d49cc7a477dca56c6e6aefdac180cd1ed0282f9e"},
]

[package.extras]
doc = ["sphinx", "sphinx_rtd_theme", "sphinxcontrib-apidoc"]
perf = ["regex"]
test = ["pytest"]

[[package]]
name = "ruamel-yaml"
version = "0.19.1"
description = "ruamel.yaml is a YAML parser/emitter that supports roundtrip preservation of comments, seq/map flow style, and map key order"
optional = false
python-versions = ">=3.9"
groups = ["main"]
files = [
    {file = "ruamel_yaml-0.19.1-py3-none-any.whl", hash = "sha256:27592957fedf6e0b62f281e96effd28043345e0e66001f97683aa9a40c667c93"},
    {file = "ruamel_yaml-0.19.1.tar.gz", hash = "sha256:53eb66cd27849eff968ebf8f0bf61f46cdac2da1d1f3576dd4ccee9b25c31993"},
]

[package.extras]
docs = ["mercurial (>5.7)", "ryd"]
jinja2 = ["ruamel.yaml.jinja2 (>=0.2)"]
libyaml = ["ruamel.yaml.clibz (>=0.3.7) ; platform_python_implementation == \"CPython\""]
oldlibyaml = ["ruamel.yaml.clib ; platform_python_implementation == \"CPython\""]

[[package]]
name = "ruff"
version = "0.14.13"
description = "An extremely fast Python linter and code formatter, written in Rust."
optional = false
python-versions = ">=3.7"
groups = ["dev"]
files = [
    {file = "ruff-0.14.13-py3-none-linux_armv6l.whl", hash = "sha256:76f62c62cd37c276cb03a275b198c7c15bd1d60c989f944db08a8c1c2dbec18b"},
    {file = "ruff-0.14.13-py3-none-macosx_10_12_x86_64.whl", hash = "sha256:914a8023ece0528d5cc33f5a684f5f38199bbb566a04815c2c211d8f40b5d0ed"},
    {file = "ruff-0.14.13-py3-none-macosx_11_0_arm64.whl", hash = "sha256:d24899478c35ebfa730597a4a775d430ad0d5631b8647a3ab368c29b7e7bd063"},
    {file = "ruff-0.14.13-py3-none-manylinux_2_17_aarch64.manylinux2014_aarch64.whl", hash = "sha256:9aaf3870f14d925bbaf18b8a2347ee0ae7d95a2e490e4d4aea6813ed15ebc80e"},
    {file = "ruff-0.14.13-py3-none-manylinux_2_17_armv7l.manylinux2014_armv7l.whl", hash = "sha256:ac5b7f63dd3b27cc811850f5ffd8fff845b00ad70e60b043aabf8d6ecc304e09"},
    {file = "ruff-0.14.13-py3-none-manylinux_2_17_i686.manylinux2014_i686.whl", hash = "sha256:78d2b1097750d90ba82ce4ba676e85230a0ed694178ca5e61aa9b459970b3eb9"},
    {file = "ruff-0.14.13-py3-none-manylinux_2_17_ppc64.manylinux2014_ppc64.whl", hash = "sha256:7d0bf87705acbbcb8d4c24b2d77fbb73d40210a95c3903b443cd9e30824a5032"},
    {file = "ruff-0.14.13-py3-none-manylinux_2_17_ppc64le.manylinux2014_ppc64le.whl", hash = "sha256:a3eb5da8e2c9e9f13431032fdcbe7681de9ceda5835efee3269417c13f1fed5c"},
    {file = "ruff-0.14.13-py3-none-manylinux_2_17_s390x.manylinux2014_s390x.whl", hash = "sha256:642442b42957093811cd8d2140dfadd19c7417030a7a68cf8d51fcdd5f217427"},
    {file = "ruff-0.14.13-py3-none-manylinux_2_17_x86_64.manylinux2014_x86_64.whl", hash = "sha256:4acdf009f32b46f6e8864af19cbf6841eaaed8638e65c8dac845aea0d703c841"},
    {file = "ruff-0.14.13-py3-none-manylinux_2_31_riscv64.whl", hash = "sha256:591a7f68860ea4e003917d19b5c4f5ac39ff558f162dc753a2c5de897fd5502c"},
    {file = "ruff-0.14.13-py3-none-musllinux_1_2_aarch64.whl", hash = "sha256:774c77e841cc6e046fc3e91623ce0903d1cd07e3a36b1a9fe79b81dab3de506b"},
    {file = "ruff-0.14.13-py3-none-musllinux_1_2_armv7l.whl", hash = "sha256:61f4e40077a1248436772bb6512db5fc4457fe4c49e7a94ea7c5088655dd21ae"},
    {file = "ruff-0.14.13-py3-none-musllinux_1_2_i686.whl", hash = "sha256:6d02f1428357fae9e98ac7aa94b7e966fd24151088510d32cf6f902d6c09235e"},
    {file = "ruff-0.14.13-py3-none-musllinux_1_2_x86_64.whl", hash = "sha256:e399341472ce15237be0c0ae5fbceca4b04cd9bebab1a2b2c979e015455d8f0c"},
    {file = "ruff-0.14.13-py3-none-win32.whl", hash = "sha256:ef720f529aec113968b45dfdb838ac8934e519711da53a0456038a0efecbd680"},
    {file = "ruff-0.14.13-py3-none-win_amd64.whl", hash = "sha256:6070bd026e409734b9257e03e3ef18c6e1a216f0435c6751d7a8ec69cb59abef"},
    {file = "ruff-0.14.13-py3-none-win_arm64.whl", hash = "sha256:7ab819e14f1ad9fe39f246cfcc435880ef7a9390d81a2b6ac7e01039083dd247"},
    {file = "ruff-0.14.13.tar.gz", hash = "sha256:83cd6c0763190784b99650a20fec7633c59f6ebe41c5cc9d45ee42749563ad47"},
]

[[package]]
name = "tomli"
version = "2.3.0"
description = "A lil' TOML parser"
optional = false
python-versions = ">=3.8"
groups = ["testing"]
markers = "python_version == \"3.10\""
files = [
    {file = "tomli-2.3.0-cp311-cp311-macosx_10_9_x86_64.whl", hash = "sha256:88bd15eb972f3664f5ed4b57c1634a97153b4bac4479dcb6a495f41921eb7f45"},
    {file = "tomli-2.3.0-cp311-cp311-macosx_11_0_arm64.whl", hash = "sha256:883b1c0d6398a6a9d29b508c331fa56adbcdff647f6ace4dfca0f50e90dfd0ba"},
    {file = "tomli-2.3.0-cp311-cp311-manylinux2014_aarch64.manylinux_2_17_aarch64.manylinux_2_28_aarch64.whl", hash = "sha256:d1381caf13ab9f300e30dd8feadb3de072aeb86f1d34a8569453ff32a7dea4bf"},
    {file = "tomli-2.3.0-cp311-cp311-manylinux2014_x86_64.manylinux_2_17_x86_64.manylinux_2_28_x86_64.whl", hash = "sha256:a0e285d2649b78c0d9027570d4da3425bdb49830a6156121360b3f8511ea3441"},
    {file = "tomli-2.3.0-cp311-cp311-musllinux_1_2_aarch64.whl", hash = "sha256:0a154a9ae14bfcf5d8917a59b51ffd5a3ac1fd149b71b47a3a104ca4edcfa845"},
    {file = "tomli-2.3.0-cp311-cp311-musllinux_1_2_x86_64.whl", hash = "sha256:74bf8464ff93e413514fefd2be591c3b0b23231a77f901db1eb30d6f712fc42c"},
    {file = "tomli-2.3.0-cp311-cp311-win32.whl", hash = "sha256:00b5f5d95bbfc7d12f91ad8c593a1659b6387b43f054104cda404be6bda62456"},
    {file = "tomli-2.3.0-cp311-cp311-win_amd64.whl", hash = "sha256:4dc4ce8483a5d429ab602f111a93a6ab1ed425eae3122032db7e9acf449451be"},
    {file = "tomli-2.3.0-cp312-cp312-macosx_10_13_x86_64.whl", hash = "sha256:d7d86942e56ded512a594786a5ba0a5e521d02529b3826e7761a05138341a2ac"},
    {file = "tomli-2.3.0-cp312-cp312-macosx_11_0_arm64.whl", hash = "sha256:73ee0b47d4dad1c5e996e3cd33b8a76a50167ae5f96a2607cbe8cc773506ab22"},
    {file = "tomli-2.3.0-cp312-cp312-manylinux2014_aarch64.manylinux_2_17_aarch64.manylinux_2_28_aarch64.whl", hash = "sha256:792262b94d5d0a466afb5bc63c7daa9d75520110971ee269152083270998316f"},
    {file = "tomli-2.3.0-cp312-cp312-manylinux2014_x86_64.manylinux_2_17_x86_64.manylinux_2_28_x86_64.whl", hash = "sha256:4f195fe57ecceac95a66a75ac24d9d5fbc98ef0962e09b2eddec5d39375aae52"},
    {file = "tomli-2.3.0-cp312-cp312-musllinux_1_2_aarch64.whl", hash = "sha256:e31d432427dcbf4d86958c184b9bfd1e96b5b71f8eb17e6d02531f434fd335b8"},
    {file = "tomli-2.3.0-cp312-cp312-musllinux_1_2_x86_64.whl", hash = "sha256:7b0882799624980785240ab732537fcfc372601015c00f7fc367c55308c186f6"},
    {file = "tomli-2.3.0-cp312-cp312-win32.whl", hash = "sha256:ff72b71b5d10d22ecb084d345fc26f42b5143c5533db5e2eaba7d2d335358876"},
    {file = "tomli-2.3.0-cp312-cp312-win_amd64.whl", hash = "sha256:1cb4ed918939151a03f33d4242ccd0aa5f11b3547d0cf30f7c74a408a5b99878"},
    {file = "tomli-2.3.0-cp313-cp313-macosx_10_13_x86_64.whl", hash = "sha256:5192f562738228945d7b13d4930baffda67b69425a7f0da96d360b0a3888136b"},
    {file = "tomli-2.3.0-cp313-cp313-macosx_11_0_arm64.whl", hash = "sha256:be71c93a63d738597996be9528f4abe628d1adf5e6eb11607bc8fe1a510b5dae"},
    {file = "tomli-2.3.0-cp313-cp313-manylinux2014_aarch64.manylinux_2_17_aarch64.manylinux_2_28_aarch64.whl", hash = "sha256:c4665508bcbac83a31ff8ab08f424b665200c0e1e645d2bd9ab3d3e557b6185b"},
    {file = "tomli-2.3.0-cp313-cp313-manylinux2014_x86_64.manylinux_2_17_x86_64.manylinux_2_28_x86_64.whl", hash = "sha256:4021923f97266babc6ccab9f5068642a0095faa0a51a246a6a02fccbb3514eaf"},
    {file = "tomli-2.3.0-cp313-cp313-musllinux_1_2_aarch64.whl", hash = "sha256:a4ea38c40145a357d513bffad0ed869f13c1773716cf71ccaa83b0fa0cc4e42f"},
    {file = "tomli-2.3.0-cp313-cp313-musllinux_1_2_x86_64.whl", hash = "sha256:ad805ea85eda330dbad64c7ea7a4556259665bdf9d2672f5dccc740eb9d3ca05"},
    {file = "tomli-2.3.0-cp313-cp313-win32.whl", hash = "sha256:97d5eec30149fd3294270e889b4234023f2c69747e555a27bd708828353ab606"},
    {file = "tomli-2.3.0-cp313-cp313-win_amd64.whl", hash = "sha256:0c95ca56fbe89e065c6ead5b593ee64b84a26fca063b5d71a1122bf26e533999"},
    {file = "tomli-2.3.0-cp314-cp314-macosx_10_13_x86_64.whl", hash = "sha256:cebc6fe843e0733ee827a282aca4999b596241195f43b4cc371d64fc6639da9e"},
    {file = "tomli-2.3.0-cp314-cp314-macosx_11_0_arm64.whl", hash = "sha256:4c2ef0244c75aba9355561272009d934953817c49f47d768070c3c94355c2aa3"},
    {file = "tomli-2.3.0-cp314-cp314-manylinux2014_aarch64.manylinux_2_17_aarch64.manylinux_2_28_aarch64.whl", hash = "sha256:c22a8bf253bacc0cf11f35ad9808b6cb75ada2631c2d97c971122583b129afbc"},
    {file = "tomli-2.3.0-cp314-cp314-manylinux2014_x86_64.manylinux_2_17_x86_64.manylinux_2_28_x86_64.whl", hash = "sha256:0eea8cc5c5e9f89c9b90c4896a8deefc74f518db5927d0e0e8d4a80953d774d0"},
    {file = "tomli-2.3.0-cp314-cp314-musllinux_1_2_aarch64.whl", hash = "sha256:b74a0e59ec5d15127acdabd75ea17726ac4c5178ae51b85bfe39c4f8a278e879"},
    {file = "tomli-2.3.0-cp314-cp314-musllinux_1_2_x86_64.whl", hash = "sha256:b5870b50c9db823c595983571d1296a6ff3e1b88f734a4c8f6fc6188397de005"},
    {file = "tomli-2.3.0-cp314-cp314-win32.whl", hash = "sha256:feb0dacc61170ed7ab602d3d972a58f14ee3ee60494292d384649a3dc38ef463"},
    {file = "tomli-2.3.0-cp314-cp314-win_amd64.whl", hash = "sha256:b273fcbd7fc64dc3600c098e39136522650c49bca95df2d11cf3b626422392c8"},
    {file = "tomli-2.3.0-cp314-cp314t-macosx_10_13_x86_64.whl", hash = "sha256:940d56ee0410fa17ee1f12b817b37a4d4e4dc4d27340863cc67236c74f582e77"},
    {file = "tomli-2.3.0-cp314-cp314t-macosx_11_0_arm64.whl", hash = "sha256:f85209946d1fe94416debbb88d00eb92ce9cd5266775424ff81bc959e001acaf"},
    {file = "tomli-2.3.0-cp314-cp314t-manylinux2014_aarch64.manylinux_2_17_aarch64.manylinux_2_28_aarch64.whl", hash = "sha256:a56212bdcce682e56b0aaf79e869ba5d15a6163f88d5451cbde388d48b13f530"},
    {file = "tomli-2.3.0-cp314-cp314t-manylinux2014_x86_64.manylinux_2_17_x86_64.manylinux_2_28_x86_64.whl", hash = "sha256:c5f3ffd1e098dfc032d4d3af5c0ac64f6d286d98bc148698356847b80fa4de1b"},
    {file = "tomli-2.3.0-cp314-cp314t-musllinux_1_2_aarch64.whl", hash = "sha256:5e01decd096b1530d97d5d85cb4dff4af2d8347bd35686654a004f8dea20fc67"},
    {file = "tomli-2.3.0-cp314-cp314t-musllinux_1_2_x86_64.whl", hash = "sha256:8a35dd0e643bb2610f156cca8db95d213a90015c11fee76c946aa62b7ae7e02f"},
    {file = "tomli-2.3.0-cp314-cp314t-win32.whl", hash = "sha256:a1f7f282fe248311650081faafa5f4732bdbfef5d45fe3f2e702fbc6f2d496e0"},
    {file = "tomli-2.3.0-cp314-cp314t-win_amd64.whl", hash = "sha256:70a251f8d4ba2d9ac2542eecf008b3c8a9fc5c3f9f02c56a9d7952612be2fdba"},
    {file = "tomli-2.3.0-py3-none-any.whl", hash = "sha256:e95b1af3c5b07d9e643909b5abbec77cd9f1217e6d0bca72b0234736b9fb1f1b"},
    {file = "tomli-2.3.0.tar.gz", hash = "sha256:64be704a875d2a59753d80ee8a533c3fe183e3f06807ff7dc2232938ccb01549"},
]

[[package]]
name = "tox"
version = "4.34.1"
description = "tox is a generic virtualenv management and test command line tool"
optional = false
python-versions = ">=3.10"
groups = ["testing"]
files = [
    {file = "tox-4.34.1-py3-none-any.whl", hash = "sha256:5610d69708bab578d618959b023f8d7d5d3386ed14a2392aeebf9c583615af60"},
    {file = "tox-4.34.1.tar.gz", hash = "sha256:ef1e82974c2f5ea02954d590ee0b967fad500c3879b264ea19efb9a554f3cc60"},
]

[package.dependencies]
cachetools = ">=6.2.4"
chardet = ">=5.2"
colorama = ">=0.4.6"
filelock = ">=3.20.2"
packaging = ">=25"
platformdirs = ">=4.5.1"
pluggy = ">=1.6"
pyproject-api = ">=1.10"
tomli = {version = ">=2.3", markers = "python_version < \"3.11\""}
typing-extensions = {version = ">=4.15", markers = "python_version < \"3.11\""}
virtualenv = ">=20.35.4"

[[package]]
name = "typing-extensions"
version = "4.15.0"
description = "Backported and Experimental Type Hints for Python 3.9+"
optional = false
python-versions = ">=3.9"
groups = ["testing"]
markers = "python_version == \"3.10\""
files = [
    {file = "typing_extensions-4.15.0-py3-none-any.whl", hash = "sha256:f0fa19c6845758ab08074a0cfa8b7aecb71c999ca73d62883bc25cc018c4e548"},
    {file = "typing_extensions-4.15.0.tar.gz", hash = "sha256:0cea48d173cc12fa28ecabc3b837ea3cf6f38c6d1136f85cbaaf598984861466"},
]

[[package]]
name = "virtualenv"
version = "20.36.1"
description = "Virtual Python Environment builder"
optional = false
python-versions = ">=3.8"
groups = ["testing"]
files = [
    {file = "virtualenv-20.36.1-py3-none-any.whl", hash = "sha256:575a8d6b124ef88f6f51d56d656132389f961062a9177016a50e4f507bbcc19f"},
    {file = "virtualenv-20.36.1.tar.gz", hash = "sha256:8befb5c81842c641f8ee658481e42641c68b5eab3521d8e092d18320902466ba"},
]

[package.dependencies]
distlib = ">=0.3.7,<1"
filelock = {version = ">=3.20.1,<4", markers = "python_version >= \"3.10\""}
platformdirs = ">=3.9.1,<5"
typing-extensions = {version = ">=4.13.2", markers = "python_version < \"3.11\""}

[package.extras]
docs = ["furo (>=2023.7.26)", "proselint (>=0.13)", "sphinx (>=7.1.2,!=7.3)", "sphinx-argparse (>=0.4)", "sphinxcontrib-towncrier (>=0.2.1a0)", "towncrier (>=23.6)"]
test = ["covdefaults (>=2.3)", "coverage (>=7.2.7)", "coverage-enable-subprocess (>=1)", "flaky (>=3.7)", "packaging (>=23.1)", "pytest (>=7.4)", "pytest-env (>=0.8.2)", "pytest-freezer (>=0.4.8) ; platform_python_implementation == \"PyPy\" or platform_python_implementation == \"GraalVM\" or platform_python_implementation == \"CPython\" and sys_platform == \"win32\" and python_version >= \"3.13\"", "pytest-mock (>=3.11.1)", "pytest-randomly (>=3.12)", "pytest-timeout (>=2.1)", "setuptools (>=68)", "time-machine (>=2.10) ; platform_python_implementation == \"CPython\""]

[extras]
re2 = ["pyre2-updated"]
re2-wheels = ["pyre2-updated"]

[metadata]
lock-version = "2.1"
python-versions = "^3.10"
content-hash = "0371a09d5938196337cf96acce1c6aa2eda6a7a34e4bf53a9a7ea4e476c09652"
