# This file is automatically @generated by Poetry 2.2.1 and should not be changed by hand.

[[package]]
name = "atheris"
version = "3.0.0"
description = "A coverage-guided fuzzer for Python and Python extensions."
optional = false
python-versions = "*"
groups = ["fuzz"]
files = [
    {file = "atheris-3.0.0-cp311-cp311-manylinux2014_x86_64.manylinux_2_17_x86_64.whl", hash = "sha256:8a5c8a781467c187da40fd29139784193e2647058831f837f675d0bb8cbd8746"},
    {file = "atheris-3.0.0-cp312-cp312-manylinux2014_x86_64.manylinux_2_17_x86_64.whl", hash = "sha256:510e502c57b6dc615fb174066407af620d4c7f73cf08a782c86e7761bf12c4eb"},
    {file = "atheris-3.0.0-cp313-cp313-manylinux2014_x86_64.manylinux_2_17_x86_64.whl", hash = "sha256:a402cdca8a650d1371050b1f9552eb4cdc488d2db64950d603c4560318365eac"},
    {file = "atheris-3.0.0.tar.gz", hash = "sha256:1f0929c7bc3040f3fe4102e557718734190cf2d7718bbb8e3ce6d3eb56ef5bb3"},
]

[[package]]
name = "cachetools"
version = "7.0.1"
description = "Extensible memoizing collections and decorators"
optional = false
python-versions = ">=3.10"
groups = ["testing"]
files = [
    {file = "cachetools-7.0.1-py3-none-any.whl", hash = "sha256:8f086515c254d5664ae2146d14fc7f65c9a4bce75152eb247e5a9c5e6d7b2ecf"},
    {file = "cachetools-7.0.1.tar.gz", hash = "sha256:e31e579d2c5b6e2944177a0397150d312888ddf4e16e12f1016068f0c03b8341"},
]

[[package]]
name = "colorama"
version = "0.4.6"
description = "Cross-platform colored terminal text."
optional = false
python-versions = "!=3.0.*,!=3.1.*,!=3.2.*,!=3.3.*,!=3.4.*,!=3.5.*,!=3.6.*,>=2.7"
groups = ["testing"]
files = [
    {file = "colorama-0.4.6-py2.py3-none-any.whl", hash = "sha256:4f1d9991f5acc0ca119f9d443620b77f9d6b33703e51011c16baf57afb285fc6"},
    {file = "colorama-0.4.6.tar.gz", hash = "sha256:08695f5cb7ed6e0531a20572697297273c47b8cae5a63ffc6d6ed5c201be6e44"},
]

[[package]]
name = "distlib"
version = "0.4.0"
description = "Distribution utilities"
optional = false
python-versions = "*"
groups = ["testing"]
files = [
    {file = "distlib-0.4.0-py2.py3-none-any.whl", hash = "sha256:9659f7d87e46584a30b5780e43ac7a2143098441670ff0a49d5f9034c54a6c16"},
    {file = "distlib-0.4.0.tar.gz", hash = "sha256:feec40075be03a04501a973d81f633735b4b69f98b05450592310c0f401a4e0d"},
]

[[package]]
name = "filelock"
version = "3.24.3"
description = "A platform independent file lock."
optional = false
python-versions = ">=3.10"
groups = ["testing"]
files = [
    {file = "filelock-3.24.3-py3-none-any.whl", hash = "sha256:426e9a4660391f7f8a810d71b0555bce9008b0a1cc342ab1f6947d37639e002d"},
    {file = "filelock-3.24.3.tar.gz", hash = "sha256:011a5644dc937c22699943ebbfc46e969cdde3e171470a6e40b9533e5a72affa"},
]

[[package]]
name = "packaging"
version = "26.0"
description = "Core utilities for Python packages"
optional = false
python-versions = ">=3.8"
groups = ["testing"]
files = [
    {file = "packaging-26.0-py3-none-any.whl", hash = "sha256:b36f1fef9334a5588b4166f8bcd26a14e521f2b55e6b9de3aaa80d3ff7a37529"},
    {file = "packaging-26.0.tar.gz", hash = "sha256:00243ae351a257117b6a241061796684b084ed1c516a08c48a3f7e147a9d80b4"},
]

[[package]]
name = "platformdirs"
version = "4.9.2"
description = "A small Python package for determining appropriate platform-specific dirs, e.g. a `user data dir`."
optional = false
python-versions = ">=3.10"
groups = ["testing"]
files = [
    {file = "platformdirs-4.9.2-py3-none-any.whl", hash = "sha256:9170634f126f8efdae22fb58ae8a0eaa86f38365bc57897a6c4f781d1f5875bd"},
    {file = "platformdirs-4.9.2.tar.gz", hash = "sha256:9a33809944b9db043ad67ca0db94b14bf452cc6aeaac46a88ea55b26e2e9d291"},
]

[[package]]
name = "pluggy"
version = "1.6.0"
description = "plugin and hook calling mechanisms for python"
optional = false
python-versions = ">=3.9"
groups = ["testing"]
files = [
    {file = "pluggy-1.6.0-py3-none-any.whl", hash = "sha256:e920276dd6813095e9377c0bc5566d94c932c33b27a3e3945d8389c374dd4746"},
    {file = "pluggy-1.6.0.tar.gz", hash = "sha256:7dcc130b76258d33b90f61b658791dede3486c3e6bfb003ee5c9bfb396dd22f3"},
]

[package.extras]
dev = ["pre-commit", "tox"]
testing = ["coverage", "pytest", "pytest-benchmark"]

[[package]]
name = "pyproject-api"
version = "1.10.0"
description = "API to interact with the python pyproject.toml based projects"
optional = false
python-versions = ">=3.10"
groups = ["testing"]
files = [
    {file = "pyproject_api-1.10.0-py3-none-any.whl", hash = "sha256:8757c41a79c0f4ab71b99abed52b97ecf66bd20b04fa59da43b5840bac105a09"},
    {file = "pyproject_api-1.10.0.tar.gz", hash = "sha256:40c6f2d82eebdc4afee61c773ed208c04c19db4c4a60d97f8d7be3ebc0bbb330"},
]

[package.dependencies]
packaging = ">=25"
tomli = {version = ">=2.3", markers = "python_version < \"3.11\""}

[package.extras]
docs = ["furo (>=2025.9.25)", "sphinx-autodoc-typehints (>=3.5.1)"]
testing = ["covdefaults (>=2.3)", "pytest (>=8.4.2)", "pytest-cov (>=7)", "pytest-mock (>=3.15.1)", "setuptools (>=80.9)"]

[[package]]
name = "pyre2-updated"
version = "0.3.9.post1"
description = "Python wrapper for Google's RE2 using Cython"
optional = true
python-versions = ">=3.9"
groups = ["main"]
markers = "python_version < \"3.14\" and (extra == \"re2\" or extra == \"re2-wheels\")"
files = [
    {file = "pyre2_updated-0.3.9.post1-cp310-cp310-macosx_13_0_x86_64.whl", hash = "sha256:c556203b01832e94964be389ec263bfce9f66c6d5497f0dbcd419aa59983efe7"},
    {file = "pyre2_updated-0.3.9.post1-cp310-cp310-macosx_14_0_arm64.whl", hash = "sha256:6d52edfe132f09ed0e9f769c339fbfb23e7a4de24586a981c939f3dcca443d82"},
    {file = "pyre2_updated-0.3.9.post1-cp310-cp310-manylinux_2_17_aarch64.manylinux2014_aarch64.whl", hash = "sha256:48fec5d1907aeb45b3f9ae57af1ec70bdcb5c5f92317b9deccb027408ccd8be3"},
    {file = "pyre2_updated-0.3.9.post1-cp310-cp310-manylinux_2_17_x86_64.manylinux2014_x86_64.whl", hash = "sha256:8fa6997e3862ce278ee464c1f3aec63f28f90d02aef0a324e8d5e2116b1390ab"},
    {file = "pyre2_updated-0.3.9.post1-cp310-cp310-win32.whl", hash = "sha256:4e3a5b6f2796458197dd04e521127d5e756c9cbb8e647645be882a3e62a7aada"},
    {file = "pyre2_updated-0.3.9.post1-cp310-cp310-win_amd64.whl", hash = "sha256:c708a894b0ee368e38b50230e9571791bc214a21d58c6098f35b83fbfaf12d5d"},
    {file = "pyre2_updated-0.3.9.post1-cp311-cp311-macosx_13_0_x86_64.whl", hash = "sha256:e5530561f228a86d9b428ab3f29e60f23fe6c36d3ace3063b4dedf02fc2d0e58"},
    {file = "pyre2_updated-0.3.9.post1-cp311-cp311-macosx_14_0_arm64.whl", hash = "sha256:7963790361a5d93640b90413dd3ca23896640b4ff62c7037706a377b7c0f762a"},
    {file = "pyre2_updated-0.3.9.post1-cp311-cp311-manylinux_2_17_aarch64.manylinux2014_aarch64.whl", hash = "sha256:99f674defce4fb98a8ffc4663d283fc8319b0b586a572ae86f1d4c876fc7d6e3"},
    {file = "pyre2_updated-0.3.9.post1-cp311-cp311-manylinux_2_17_x86_64.manylinux2014_x86_64.whl", hash = "sha256:0228a7789bc77d20ce1e285f0e9283cf8fa63c0d3b8e46a4444a05d35626311b"},
    {file = "pyre2_updated-0.3.9.post1-cp311-cp311-win32.whl", hash = "sha256:f21f77313d1c320d28830258b94655264be6bea5db0e2c0cf8769eb95240caff"},
    {file = "pyre2_updated-0.3.9.post1-cp311-cp311-win_amd64.whl", hash = "sha256:5d3e3f0f112176d2e67c5a2d516e8d27a75d76abce9bb83cb597b54b5b7f5c7a"},
    {file = "pyre2_updated-0.3.9.post1-cp312-cp312-macosx_13_0_x86_64.whl", hash = "sha256:240edc72302ad61a8b1ecd384284e14f8fa45004b207059948c95ce00b52c955"},
    {file = "pyre2_updated-0.3.9.post1-cp312-cp312-macosx_14_0_arm64.whl", hash = "sha256:5ca7c7a2436c2266d831fd94b70a54db0b0ab8f41b0a241afe771f3f97c3e132"},
    {file = "pyre2_updated-0.3.9.post1-cp312-cp312-manylinux_2_17_aarch64.manylinux2014_aarch64.whl", hash = "sha256:ca9b6c471dd332107919b9319ad1a6bb3f2a08f1cad6755913b3174c99d19059"},
    {file = "pyre2_updated-0.3.9.post1-cp312-cp312-manylinux_2_17_x86_64.manylinux2014_x86_64.whl", hash = "sha256:0d6057d6029d8584f3599f1e218fd099e331a033da5c2bed9e0f22a371c2647a"},
    {file = "pyre2_updated-0.3.9.post1-cp312-cp312-win32.whl", hash = "sha256:dccc789cfbf6c84d7cd01d552039213cad88799f5797a0691f4fd3b9cb63ecb5"},
    {file = "pyre2_updated-0.3.9.post1-cp312-cp312-win_amd64.whl", hash = "sha256:f42e12e228c17142db79c93cc9db46dc0489ac088a4465fcabed6663a3bff27d"},
    {file = "pyre2_updated-0.3.9.post1-cp313-cp313-macosx_13_0_x86_64.whl", hash = "sha256:cd1032b5cc3b48922fa3756160f6b0e969b6da85a5982f02faabf8578a20843c"},
    {file = "pyre2_updated-0.3.9.post1-cp313-cp313-macosx_14_0_arm64.whl", hash = "sha256:c43b5bf8e41c9b858205fa03f013bac91956ad4ba4df4ad8fa083fab099d0f54"},
    {file = "pyre2_updated-0.3.9.post1-cp313-cp313-manylinux_2_17_aarch64.manylinux2014_aarch64.whl", hash = "sha256:dfee37b107893171c8faa9998ccc802f4585e771c981a28a0d9aaeffe7796301"},
    {file = "pyre2_updated-0.3.9.post1-cp313-cp313-manylinux_2_17_x86_64.manylinux2014_x86_64.whl", hash = "sha256:a419e12e5ea022fdf7544f7c521352b51087c7d055ba1038ec8ac601f6348227"},
    {file = "pyre2_updated-0.3.9.post1-cp313-cp313-win32.whl", hash = "sha256:5532899cb52b2fb453f5cfcda3e4aa0832a7a40c9d075ff52e4b84ffc393d96f"},
    {file = "pyre2_updated-0.3.9.post1-cp313-cp313-win_amd64.whl", hash = "sha256:d1eb084e27273650d870c17c457a38927ea5106ea8cd01a74c8230e4e73eb3ec"},
    {file = "pyre2_updated-0.3.9.post1-cp39-cp39-macosx_13_0_x86_64.whl", hash = "sha256:0a358797af769450d061784f128b4f68e29e106ffade572808b07cb96e351598"},
    {file = "pyre2_updated-0.3.9.post1-cp39-cp39-macosx_14_0_arm64.whl", hash = "sha256:3e6cf1765b98fd61bac00ee1c49a9f3b5629efc6ab4d7c792be854227ce26969"},
    {file = "pyre2_updated-0.3.9.post1-cp39-cp39-manylinux_2_17_aarch64.manylinux2014_aarch64.whl", hash = "sha256:c00f5a1bcd5e41879432178b95452777a25c5f0a9fb460aa158477a747d4952b"},
    {file = "pyre2_updated-0.3.9.post1-cp39-cp39-manylinux_2_17_x86_64.manylinux2014_x86_64.whl", hash = "sha256:9ba9a5385bfc8006e9b76372cbf66d16af97a8295c663e64ea84de5c179b795e"},
    {file = "pyre2_updated-0.3.9.post1-cp39-cp39-win32.whl", hash = "sha256:a3251a9b8b33f87dc1c191d23877cb1221c043590262a193c62fb939ac78d9f5"},
    {file = "pyre2_updated-0.3.9.post1-cp39-cp39-win_amd64.whl", hash = "sha256:de16b1fce51ded3d11a1058730520d22eedc4cf0cd0e0b369916bfa97622b6ae"},
    {file = "pyre2_updated-0.3.9.post1.tar.gz", hash = "sha256:02fb67dbaeb3274b123b58e2d49cc7a477dca56c6e6aefdac180cd1ed0282f9e"},
]

[package.extras]
doc = ["sphinx", "sphinx_rtd_theme", "sphinxcontrib-apidoc"]
perf = ["regex"]
test = ["pytest"]

[[package]]
name = "python-discovery"
version = "1.1.0"
description = "Python interpreter discovery"
optional = false
python-versions = ">=3.8"
groups = ["testing"]
files = [
    {file = "python_discovery-1.1.0-py3-none-any.whl", hash = "sha256:a162893b8809727f54594a99ad2179d2ede4bf953e12d4c7abc3cc9cdbd1437b"},
    {file = "python_discovery-1.1.0.tar.gz", hash = "sha256:447941ba1aed8cc2ab7ee3cb91be5fc137c5bdbb05b7e6ea62fbdcb66e50b268"},
]

[package.dependencies]
filelock = ">=3.15.4"
platformdirs = ">=4.3.6,<5"

[package.extras]
docs = ["furo (>=2025.12.19)", "sphinx (>=9.1)", "sphinx-autodoc-typehints (>=3.6.3)", "sphinxcontrib-mermaid (>=2)"]
testing = ["covdefaults (>=2.3)", "coverage (>=7.5.4)", "pytest (>=8.3.5)", "pytest-mock (>=3.14)", "setuptools (>=75.1)"]

[[package]]
name = "ruamel-yaml"
version = "0.19.1"
description = "ruamel.yaml is a YAML parser/emitter that supports roundtrip preservation of comments, seq/map flow style, and map key order"
optional = false
python-versions = ">=3.9"
groups = ["main"]
files = [
    {file = "ruamel_yaml-0.19.1-py3-none-any.whl", hash = "sha256:27592957fedf6e0b62f281e96effd28043345e0e66001f97683aa9a40c667c93"},
    {file = "ruamel_yaml-0.19.1.tar.gz", hash = "sha256:53eb66cd27849eff968ebf8f0bf61f46cdac2da1d1f3576dd4ccee9b25c31993"},
]

[package.extras]
docs = ["mercurial (>5.7)", "ryd"]
jinja2 = ["ruamel.yaml.jinja2 (>=0.2)"]
libyaml = ["ruamel.yaml.clibz (>=0.3.7) ; platform_python_implementation == \"CPython\""]
oldlibyaml = ["ruamel.yaml.clib ; platform_python_implementation == \"CPython\""]

[[package]]
name = "ruff"
version = "0.15.2"
description = "An extremely fast Python linter and code formatter, written in Rust."
optional = false
python-versions = ">=3.7"
groups = ["dev"]
files = [
    {file = "ruff-0.15.2-py3-none-linux_armv6l.whl", hash = "sha256:120691a6fdae2f16d65435648160f5b81a9625288f75544dc40637436b5d3c0d"},
    {file = "ruff-0.15.2-py3-none-macosx_10_12_x86_64.whl", hash = "sha256:a89056d831256099658b6bba4037ac6dd06f49d194199215befe2bb10457ea5e"},
    {file = "ruff-0.15.2-py3-none-macosx_11_0_arm64.whl", hash = "sha256:e36dee3a64be0ebd23c86ffa3aa3fd3ac9a712ff295e192243f814a830b6bd87"},
    {file = "ruff-0.15.2-py3-none-manylinux_2_17_aarch64.manylinux2014_aarch64.whl", hash = "sha256:a9fb47b6d9764677f8c0a193c0943ce9a05d6763523f132325af8a858eadc2b9"},
    {file = "ruff-0.15.2-py3-none-manylinux_2_17_armv7l.manylinux2014_armv7l.whl", hash = "sha256:f376990f9d0d6442ea9014b19621d8f2aaf2b8e39fdbfc79220b7f0c596c9b80"},
    {file = "ruff-0.15.2-py3-none-manylinux_2_17_i686.manylinux2014_i686.whl", hash = "sha256:2dcc987551952d73cbf5c88d9fdee815618d497e4df86cd4c4824cc59d5dd75f"},
    {file = "ruff-0.15.2-py3-none-manylinux_2_17_ppc64le.manylinux2014_ppc64le.whl", hash = "sha256:42a47fd785cbe8c01b9ff45031af875d101b040ad8f4de7bbb716487c74c9a77"},
    {file = "ruff-0.15.2-py3-none-manylinux_2_17_s390x.manylinux2014_s390x.whl", hash = "sha256:cbe9f49354866e575b4c6943856989f966421870e85cd2ac94dccb0a9dcb2fea"},
    {file = "ruff-0.15.2-py3-none-manylinux_2_17_x86_64.manylinux2014_x86_64.whl", hash = "sha256:b7a672c82b5f9887576087d97be5ce439f04bbaf548ee987b92d3a7dede41d3a"},
    {file = "ruff-0.15.2-py3-none-manylinux_2_31_riscv64.whl", hash = "sha256:72ecc64f46f7019e2bcc3cdc05d4a7da958b629a5ab7033195e11a438403d956"},
    {file = "ruff-0.15.2-py3-none-musllinux_1_2_aarch64.whl", hash = "sha256:8dcf243b15b561c655c1ef2f2b0050e5d50db37fe90115507f6ff37d865dc8b4"},
    {file = "ruff-0.15.2-py3-none-musllinux_1_2_armv7l.whl", hash = "sha256:dab6941c862c05739774677c6273166d2510d254dac0695c0e3f5efa1b5585de"},
    {file = "ruff-0.15.2-py3-none-musllinux_1_2_i686.whl", hash = "sha256:1b9164f57fc36058e9a6806eb92af185b0697c9fe4c7c52caa431c6554521e5c"},
    {file = "ruff-0.15.2-py3-none-musllinux_1_2_x86_64.whl", hash = "sha256:80d24fcae24d42659db7e335b9e1531697a7102c19185b8dc4a028b952865fd8"},
    {file = "ruff-0.15.2-py3-none-win32.whl", hash = "sha256:fd5ff9e5f519a7e1bd99cbe8daa324010a74f5e2ebc97c6242c08f26f3714f6f"},
    {file = "ruff-0.15.2-py3-none-win_amd64.whl", hash = "sha256:d20014e3dfa400f3ff84830dfb5755ece2de45ab62ecea4af6b7262d0fb4f7c5"},
    {file = "ruff-0.15.2-py3-none-win_arm64.whl", hash = "sha256:cabddc5822acdc8f7b5527b36ceac55cc51eec7b1946e60181de8fe83ca8876e"},
    {file = "ruff-0.15.2.tar.gz", hash = "sha256:14b965afee0969e68bb871eba625343b8673375f457af4abe98553e8bbb98342"},
]

[[package]]
name = "tomli"
version = "2.4.0"
description = "A lil' TOML parser"
optional = false
python-versions = ">=3.8"
groups = ["testing"]
markers = "python_version == \"3.10\""
files = [
    {file = "tomli-2.4.0-cp311-cp311-macosx_10_9_x86_64.whl", hash = "sha256:b5ef256a3fd497d4973c11bf142e9ed78b150d36f5773f1ca6088c230ffc5867"},
    {file = "tomli-2.4.0-cp311-cp311-macosx_11_0_arm64.whl", hash = "sha256:5572e41282d5268eb09a697c89a7bee84fae66511f87533a6f88bd2f7b652da9"},
    {file = "tomli-2.4.0-cp311-cp311-manylinux2014_aarch64.manylinux_2_17_aarch64.manylinux_2_28_aarch64.whl", hash = "sha256:551e321c6ba03b55676970b47cb1b73f14a0a4dce6a3e1a9458fd6d921d72e95"},
    {file = "tomli-2.4.0-cp311-cp311-manylinux2014_x86_64.manylinux_2_17_x86_64.manylinux_2_28_x86_64.whl", hash = "sha256:5e3f639a7a8f10069d0e15408c0b96a2a828cfdec6fca05296ebcdcc28ca7c76"},
    {file = "tomli-2.4.0-cp311-cp311-musllinux_1_2_aarch64.whl", hash = "sha256:1b168f2731796b045128c45982d3a4874057626da0e2ef1fdd722848b741361d"},
    {file = "tomli-2.4.0-cp311-cp311-musllinux_1_2_x86_64.whl", hash = "sha256:133e93646ec4300d651839d382d63edff11d8978be23da4cc106f5a18b7d0576"},
    {file = "tomli-2.4.0-cp311-cp311-win32.whl", hash = "sha256:b6c78bdf37764092d369722d9946cb65b8767bfa4110f902a1b2542d8d173c8a"},
    {file = "tomli-2.4.0-cp311-cp311-win_amd64.whl", hash = "sha256:d3d1654e11d724760cdb37a3d7691f0be9db5fbdaef59c9f532aabf87006dbaa"},
    {file = "tomli-2.4.0-cp311-cp311-win_arm64.whl", hash = "sha256:cae9c19ed12d4e8f3ebf46d1a75090e4c0dc16271c5bce1c833ac168f08fb614"},
    {file = "tomli-2.4.0-cp312-cp312-macosx_10_13_x86_64.whl", hash = "sha256:920b1de295e72887bafa3ad9f7a792f811847d57ea6b1215154030cf131f16b1"},
    {file = "tomli-2.4.0-cp312-cp312-macosx_11_0_arm64.whl", hash = "sha256:7d6d9a4aee98fac3eab4952ad1d73aee87359452d1c086b5ceb43ed02ddb16b8"},
    {file = "tomli-2.4.0-cp312-cp312-manylinux2014_aarch64.manylinux_2_17_aarch64.manylinux_2_28_aarch64.whl", hash = "sha256:36b9d05b51e65b254ea6c2585b59d2c4cb91c8a3d91d0ed0f17591a29aaea54a"},
    {file = "tomli-2.4.0-cp312-cp312-manylinux2014_x86_64.manylinux_2_17_x86_64.manylinux_2_28_x86_64.whl", hash = "sha256:1c8a885b370751837c029ef9bc014f27d80840e48bac415f3412e6593bbc18c1"},
    {file = "tomli-2.4.0-cp312-cp312-musllinux_1_2_aarch64.whl", hash = "sha256:8768715ffc41f0008abe25d808c20c3d990f42b6e2e58305d5da280ae7d1fa3b"},
    {file = "tomli-2.4.0-cp312-cp312-musllinux_1_2_x86_64.whl", hash = "sha256:7b438885858efd5be02a9a133caf5812b8776ee0c969fea02c45e8e3f296ba51"},
    {file = "tomli-2.4.0-cp312-cp312-win32.whl", hash = "sha256:0408e3de5ec77cc7f81960c362543cbbd91ef883e3138e81b729fc3eea5b9729"},
    {file = "tomli-2.4.0-cp312-cp312-win_amd64.whl", hash = "sha256:685306e2cc7da35be4ee914fd34ab801a6acacb061b6a7abca922aaf9ad368da"},
    {file = "tomli-2.4.0-cp312-cp312-win_arm64.whl", hash = "sha256:5aa48d7c2356055feef06a43611fc401a07337d5b006be13a30f6c58f869e3c3"},
    {file = "tomli-2.4.0-cp313-cp313-macosx_10_13_x86_64.whl", hash = "sha256:84d081fbc252d1b6a982e1870660e7330fb8f90f676f6e78b052ad4e64714bf0"},
    {file = "tomli-2.4.0-cp313-cp313-macosx_11_0_arm64.whl", hash = "sha256:9a08144fa4cba33db5255f9b74f0b89888622109bd2776148f2597447f92a94e"},
    {file = "tomli-2.4.0-cp313-cp313-manylinux2014_aarch64.manylinux_2_17_aarch64.manylinux_2_28_aarch64.whl", hash = "sha256:c73add4bb52a206fd0c0723432db123c0c75c280cbd67174dd9d2db228ebb1b4"},
    {file = "tomli-2.4.0-cp313-cp313-manylinux2014_x86_64.manylinux_2_17_x86_64.manylinux_2_28_x86_64.whl", hash = "sha256:1fb2945cbe303b1419e2706e711b7113da57b7db31ee378d08712d678a34e51e"},
    {file = "tomli-2.4.0-cp313-cp313-musllinux_1_2_aarch64.whl", hash = "sha256:bbb1b10aa643d973366dc2cb1ad94f99c1726a02343d43cbc011edbfac579e7c"},
    {file = "tomli-2.4.0-cp313-cp313-musllinux_1_2_x86_64.whl", hash = "sha256:4cbcb367d44a1f0c2be408758b43e1ffb5308abe0ea222897d6bfc8e8281ef2f"},
    {file = "tomli-2.4.0-cp313-cp313-win32.whl", hash = "sha256:7d49c66a7d5e56ac959cb6fc583aff0651094ec071ba9ad43df785abc2320d86"},
    {file = "tomli-2.4.0-cp313-cp313-win_amd64.whl", hash = "sha256:3cf226acb51d8f1c394c1b310e0e0e61fecdd7adcb78d01e294ac297dd2e7f87"},
    {file = "tomli-2.4.0-cp313-cp313-win_arm64.whl", hash = "sha256:d20b797a5c1ad80c516e41bc1fb0443ddb5006e9aaa7bda2d71978346aeb9132"},
    {file = "tomli-2.4.0-cp314-cp314-macosx_10_15_x86_64.whl", hash = "sha256:26ab906a1eb794cd4e103691daa23d95c6919cc2fa9160000ac02370cc9dd3f6"},
    {file = "tomli-2.4.0-cp314-cp314-macosx_11_0_arm64.whl", hash = "sha256:20cedb4ee43278bc4f2fee6cb50daec836959aadaf948db5172e776dd3d993fc"},
    {file = "tomli-2.4.0-cp314-cp314-manylinux2014_aarch64.manylinux_2_17_aarch64.manylinux_2_28_aarch64.whl", hash = "sha256:39b0b5d1b6dd03684b3fb276407ebed7090bbec989fa55838c98560c01113b66"},
    {file = "tomli-2.4.0-cp314-cp314-manylinux2014_x86_64.manylinux_2_17_x86_64.manylinux_2_28_x86_64.whl", hash = "sha256:a26d7ff68dfdb9f87a016ecfd1e1c2bacbe3108f4e0f8bcd2228ef9a766c787d"},
    {file = "tomli-2.4.0-cp314-cp314-musllinux_1_2_aarch64.whl", hash = "sha256:20ffd184fb1df76a66e34bd1b36b4a4641bd2b82954befa32fe8163e79f1a702"},
    {file = "tomli-2.4.0-cp314-cp314-musllinux_1_2_x86_64.whl", hash = "sha256:75c2f8bbddf170e8effc98f5e9084a8751f8174ea6ccf4fca5398436e0320bc8"},
    {file = "tomli-2.4.0-cp314-cp314-win32.whl", hash = "sha256:31d556d079d72db7c584c0627ff3a24c5d3fb4f730221d3444f3efb1b2514776"},
    {file = "tomli-2.4.0-cp314-cp314-win_amd64.whl", hash = "sha256:43e685b9b2341681907759cf3a04e14d7104b3580f808cfde1dfdb60ada85475"},
    {file = "tomli-2.4.0-cp314-cp314-win_arm64.whl", hash = "sha256:3d895d56bd3f82ddd6faaff993c275efc2ff38e52322ea264122d72729dca2b2"},
    {file = "tomli-2.4.0-cp314-cp314t-macosx_10_15_x86_64.whl", hash = "sha256:5b5807f3999fb66776dbce568cc9a828544244a8eb84b84b9bafc080c99597b9"},
    {file = "tomli-2.4.0-cp314-cp314t-macosx_11_0_arm64.whl", hash = "sha256:c084ad935abe686bd9c898e62a02a19abfc9760b5a79bc29644463eaf2840cb0"},
    {file = "tomli-2.4.0-cp314-cp314t-manylinux2014_aarch64.manylinux_2_17_aarch64.manylinux_2_28_aarch64.whl", hash = "sha256:0f2e3955efea4d1cfbcb87bc321e00dc08d2bcb737fd1d5e398af111d86db5df"},
    {file = "tomli-2.4.0-cp314-cp314t-manylinux2014_x86_64.manylinux_2_17_x86_64.manylinux_2_28_x86_64.whl", hash = "sha256:0e0fe8a0b8312acf3a88077a0802565cb09ee34107813bba1c7cd591fa6cfc8d"},
    {file = "tomli-2.4.0-cp314-cp314t-musllinux_1_2_aarch64.whl", hash = "sha256:413540dce94673591859c4c6f794dfeaa845e98bf35d72ed59636f869ef9f86f"},
    {file = "tomli-2.4.0-cp314-cp314t-musllinux_1_2_x86_64.whl", hash = "sha256:0dc56fef0e2c1c470aeac5b6ca8cc7b640bb93e92d9803ddaf9ea03e198f5b0b"},
    {file = "tomli-2.4.0-cp314-cp314t-win32.whl", hash = "sha256:d878f2a6707cc9d53a1be1414bbb419e629c3d6e67f69230217bb663e76b5087"},
    {file = "tomli-2.4.0-cp314-cp314t-win_amd64.whl", hash = "sha256:2add28aacc7425117ff6364fe9e06a183bb0251b03f986df0e78e974047571fd"},
    {file = "tomli-2.4.0-cp314-cp314t-win_arm64.whl", hash = "sha256:2b1e3b80e1d5e52e40e9b924ec43d81570f0e7d09d11081b797bc4692765a3d4"},
    {file = "tomli-2.4.0-py3-none-any.whl", hash = "sha256:1f776e7d669ebceb01dee46484485f43a4048746235e683bcdffacdf1fb4785a"},
    {file = "tomli-2.4.0.tar.gz", hash = "sha256:aa89c3f6c277dd275d8e243ad24f3b5e701491a860d5121f2cdd399fbb31fc9c"},
]

[[package]]
name = "tox"
version = "4.46.3"
description = "tox is a generic virtualenv management and test command line tool"
optional = false
python-versions = ">=3.10"
groups = ["testing"]
files = [
    {file = "tox-4.46.3-py3-none-any.whl", hash = "sha256:e9e1a91bce2836dba8169c005254913bd22aac490131c75a5ffc4fd091dffe0b"},
    {file = "tox-4.46.3.tar.gz", hash = "sha256:2e87609b7832c818cad093304ea23d7eb124f8ecbab0625463b73ce5e850e1c2"},
]

[package.dependencies]
cachetools = ">=7.0.1"
colorama = ">=0.4.6"
filelock = ">=3.24.3"
packaging = ">=26"
platformdirs = ">=4.9.2"
pluggy = ">=1.6"
pyproject-api = ">=1.10"
tomli = {version = ">=2.4", markers = "python_version < \"3.11\""}
typing-extensions = {version = ">=4.15", markers = "python_version < \"3.11\""}
virtualenv = ">=20.39"

[package.extras]
completion = ["argcomplete (>=3.6.3)"]

[[package]]
name = "typing-extensions"
version = "4.15.0"
description = "Backported and Experimental Type Hints for Python 3.9+"
optional = false
python-versions = ">=3.9"
groups = ["testing"]
markers = "python_version == \"3.10\""
files = [
    {file = "typing_extensions-4.15.0-py3-none-any.whl", hash = "sha256:f0fa19c6845758ab08074a0cfa8b7aecb71c999ca73d62883bc25cc018c4e548"},
    {file = "typing_extensions-4.15.0.tar.gz", hash = "sha256:0cea48d173cc12fa28ecabc3b837ea3cf6f38c6d1136f85cbaaf598984861466"},
]

[[package]]
name = "virtualenv"
version = "21.1.0"
description = "Virtual Python Environment builder"
optional = false
python-versions = ">=3.8"
groups = ["testing"]
files = [
    {file = "virtualenv-21.1.0-py3-none-any.whl", hash = "sha256:164f5e14c5587d170cf98e60378eb91ea35bf037be313811905d3a24ea33cc07"},
    {file = "virtualenv-21.1.0.tar.gz", hash = "sha256:1990a0188c8f16b6b9cf65c9183049007375b26aad415514d377ccacf1e4fb44"},
]

[package.dependencies]
distlib = ">=0.3.7,<1"
filelock = {version = ">=3.24.2,<4", markers = "python_version >= \"3.10\""}
platformdirs = ">=3.9.1,<5"
python-discovery = ">=1"
typing-extensions = {version = ">=4.13.2", markers = "python_version < \"3.11\""}

[extras]
re2 = ["pyre2-updated"]
re2-wheels = ["pyre2-updated"]

[metadata]
lock-version = "2.1"
python-versions = "^3.10"
content-hash = "46530069b0f2a12768f723eed26d1157b9854ed1e4b4a345d68f4c9bf9b57fb7"
